// !$*UTF8*$!
{
	archiveVersion = 1;
	classes = {
	};
	objectVersion = 52;
	objects = {

/* Begin PBXBuildFile section */
		B31CE9AC2507241600EF5C89 /* Moya in Frameworks */ = {isa = PBXBuildFile; productRef = B31CE9AB2507241600EF5C89 /* Moya */; };
		B31CE9AE2507241600EF5C89 /* RxMoya in Frameworks */ = {isa = PBXBuildFile; productRef = B31CE9AD2507241600EF5C89 /* RxMoya */; };
		B31CE9B02507241600EF5C89 /* ReactiveMoya in Frameworks */ = {isa = PBXBuildFile; productRef = B31CE9AF2507241600EF5C89 /* ReactiveMoya */; };
		B3AFDF8725009BDC0067FAAC /* AppDelegate.swift in Sources */ = {isa = PBXBuildFile; fileRef = B3AFDF8625009BDC0067FAAC /* AppDelegate.swift */; };
		B3AFDF8925009BDC0067FAAC /* SceneDelegate.swift in Sources */ = {isa = PBXBuildFile; fileRef = B3AFDF8825009BDC0067FAAC /* SceneDelegate.swift */; };
		B3AFDF8B25009BDC0067FAAC /* ViewController.swift in Sources */ = {isa = PBXBuildFile; fileRef = B3AFDF8A25009BDC0067FAAC /* ViewController.swift */; };
		B3AFDF8E25009BDC0067FAAC /* Main.storyboard in Resources */ = {isa = PBXBuildFile; fileRef = B3AFDF8C25009BDC0067FAAC /* Main.storyboard */; };
		B3AFDF9025009BDE0067FAAC /* Assets.xcassets in Resources */ = {isa = PBXBuildFile; fileRef = B3AFDF8F25009BDE0067FAAC /* Assets.xcassets */; };
		B3AFDF9325009BDE0067FAAC /* LaunchScreen.storyboard in Resources */ = {isa = PBXBuildFile; fileRef = B3AFDF9125009BDE0067FAAC /* LaunchScreen.storyboard */; };
		B3AFDF9E25009F3A0067FAAC /* ContentView.swift in Sources */ = {isa = PBXBuildFile; fileRef = B3AFDF9D25009F3A0067FAAC /* ContentView.swift */; };
		B3AFDFA025009F8E0067FAAC /* Window+Ext.swift in Sources */ = {isa = PBXBuildFile; fileRef = B3AFDF9F25009F8E0067FAAC /* Window+Ext.swift */; };
		B3AFDFA225009FC80067FAAC /* CGFloat+Ext.swift in Sources */ = {isa = PBXBuildFile; fileRef = B3AFDFA125009FC80067FAAC /* CGFloat+Ext.swift */; };
		B3AFDFA42500B9370067FAAC /* View+Ext.swift in Sources */ = {isa = PBXBuildFile; fileRef = B3AFDFA32500B9370067FAAC /* View+Ext.swift */; };
		B3AFDFA62500B9460067FAAC /* Color+Ext.swift in Sources */ = {isa = PBXBuildFile; fileRef = B3AFDFA52500B9460067FAAC /* Color+Ext.swift */; };
		B3AFDFA82500BB0C0067FAAC /* PageRow.swift in Sources */ = {isa = PBXBuildFile; fileRef = B3AFDFA72500BB0C0067FAAC /* PageRow.swift */; };
		B3AFDFAB2500C53A0067FAAC /* LotteryView.swift in Sources */ = {isa = PBXBuildFile; fileRef = B3AFDFAA2500C53A0067FAAC /* LotteryView.swift */; };
		B3AFDFAE2500CEE90067FAAC /* CircleImage.swift in Sources */ = {isa = PBXBuildFile; fileRef = B3AFDFAD2500CEE90067FAAC /* CircleImage.swift */; };
		B3AFDFB02500D4490067FAAC /* MapView.swift in Sources */ = {isa = PBXBuildFile; fileRef = B3AFDFAF2500D4490067FAAC /* MapView.swift */; };
		B3AFDFB22500D6370067FAAC /* LandmarkDetail.swift in Sources */ = {isa = PBXBuildFile; fileRef = B3AFDFB12500D6370067FAAC /* LandmarkDetail.swift */; };
		B3AFDFB62500D80D0067FAAC /* Landmark.swift in Sources */ = {isa = PBXBuildFile; fileRef = B3AFDFB52500D80D0067FAAC /* Landmark.swift */; };
		B3AFDFBB2500DA480067FAAC /* LandmarkRow.swift in Sources */ = {isa = PBXBuildFile; fileRef = B3AFDFBA2500DA480067FAAC /* LandmarkRow.swift */; };
		B3AFDFBD2500DFD80067FAAC /* LandmarkList.swift in Sources */ = {isa = PBXBuildFile; fileRef = B3AFDFBC2500DFD80067FAAC /* LandmarkList.swift */; };
		B3AFDFC02500EF760067FAAC /* UserData.swift in Sources */ = {isa = PBXBuildFile; fileRef = B3AFDFBF2500EF760067FAAC /* UserData.swift */; };
		B3AFDFC62500F9E90067FAAC /* SnapKit in Frameworks */ = {isa = PBXBuildFile; productRef = B3AFDFC52500F9E90067FAAC /* SnapKit */; };
		B3AFDFC92500FA5D0067FAAC /* URLNavigator in Frameworks */ = {isa = PBXBuildFile; productRef = B3AFDFC82500FA5D0067FAAC /* URLNavigator */; };
		B3AFDFCC2500FAA10067FAAC /* SwiftyJSON in Frameworks */ = {isa = PBXBuildFile; productRef = B3AFDFCB2500FAA10067FAAC /* SwiftyJSON */; };
		B3AFDFD62500FB840067FAAC /* RxSwift in Frameworks */ = {isa = PBXBuildFile; productRef = B3AFDFD52500FB840067FAAC /* RxSwift */; };
		B3AFDFD82500FB840067FAAC /* RxCocoa in Frameworks */ = {isa = PBXBuildFile; productRef = B3AFDFD72500FB840067FAAC /* RxCocoa */; };
		B3AFDFDB2500FDC90067FAAC /* KingfisherSwiftUI in Frameworks */ = {isa = PBXBuildFile; productRef = B3AFDFDA2500FDC90067FAAC /* KingfisherSwiftUI */; };
		B3AFDFDD2500FDC90067FAAC /* Kingfisher in Frameworks */ = {isa = PBXBuildFile; productRef = B3AFDFDC2500FDC90067FAAC /* Kingfisher */; };
/* End PBXBuildFile section */

/* Begin PBXFileReference section */
		B3AFDF8325009BDC0067FAAC /* SwiftUIDemo.app */ = {isa = PBXFileReference; explicitFileType = wrapper.application; includeInIndex = 0; path = SwiftUIDemo.app; sourceTree = BUILT_PRODUCTS_DIR; };
		B3AFDF8625009BDC0067FAAC /* AppDelegate.swift */ = {isa = PBXFileReference; lastKnownFileType = sourcecode.swift; path = AppDelegate.swift; sourceTree = "<group>"; };
		B3AFDF8825009BDC0067FAAC /* SceneDelegate.swift */ = {isa = PBXFileReference; lastKnownFileType = sourcecode.swift; path = SceneDelegate.swift; sourceTree = "<group>"; };
		B3AFDF8A25009BDC0067FAAC /* ViewController.swift */ = {isa = PBXFileReference; lastKnownFileType = sourcecode.swift; path = ViewController.swift; sourceTree = "<group>"; };
		B3AFDF8D25009BDC0067FAAC /* Base */ = {isa = PBXFileReference; lastKnownFileType = file.storyboard; name = Base; path = Base.lproj/Main.storyboard; sourceTree = "<group>"; };
		B3AFDF8F25009BDE0067FAAC /* Assets.xcassets */ = {isa = PBXFileReference; lastKnownFileType = folder.assetcatalog; path = Assets.xcassets; sourceTree = "<group>"; };
		B3AFDF9225009BDE0067FAAC /* Base */ = {isa = PBXFileReference; lastKnownFileType = file.storyboard; name = Base; path = Base.lproj/LaunchScreen.storyboard; sourceTree = "<group>"; };
		B3AFDF9425009BDE0067FAAC /* Info.plist */ = {isa = PBXFileReference; lastKnownFileType = text.plist.xml; path = Info.plist; sourceTree = "<group>"; };
		B3AFDF9D25009F3A0067FAAC /* ContentView.swift */ = {isa = PBXFileReference; lastKnownFileType = sourcecode.swift; path = ContentView.swift; sourceTree = "<group>"; };
		B3AFDF9F25009F8E0067FAAC /* Window+Ext.swift */ = {isa = PBXFileReference; lastKnownFileType = sourcecode.swift; path = "Window+Ext.swift"; sourceTree = "<group>"; };
		B3AFDFA125009FC80067FAAC /* CGFloat+Ext.swift */ = {isa = PBXFileReference; lastKnownFileType = sourcecode.swift; path = "CGFloat+Ext.swift"; sourceTree = "<group>"; };
		B3AFDFA32500B9370067FAAC /* View+Ext.swift */ = {isa = PBXFileReference; lastKnownFileType = sourcecode.swift; path = "View+Ext.swift"; sourceTree = "<group>"; };
		B3AFDFA52500B9460067FAAC /* Color+Ext.swift */ = {isa = PBXFileReference; lastKnownFileType = sourcecode.swift; path = "Color+Ext.swift"; sourceTree = "<group>"; };
		B3AFDFA72500BB0C0067FAAC /* PageRow.swift */ = {isa = PBXFileReference; lastKnownFileType = sourcecode.swift; path = PageRow.swift; sourceTree = "<group>"; };
		B3AFDFAA2500C53A0067FAAC /* LotteryView.swift */ = {isa = PBXFileReference; lastKnownFileType = sourcecode.swift; path = LotteryView.swift; sourceTree = "<group>"; };
		B3AFDFAD2500CEE90067FAAC /* CircleImage.swift */ = {isa = PBXFileReference; lastKnownFileType = sourcecode.swift; path = CircleImage.swift; sourceTree = "<group>"; };
		B3AFDFAF2500D4490067FAAC /* MapView.swift */ = {isa = PBXFileReference; lastKnownFileType = sourcecode.swift; path = MapView.swift; sourceTree = "<group>"; };
		B3AFDFB12500D6370067FAAC /* LandmarkDetail.swift */ = {isa = PBXFileReference; lastKnownFileType = sourcecode.swift; path = LandmarkDetail.swift; sourceTree = "<group>"; };
		B3AFDFB52500D80D0067FAAC /* Landmark.swift */ = {isa = PBXFileReference; lastKnownFileType = sourcecode.swift; path = Landmark.swift; sourceTree = "<group>"; };
		B3AFDFBA2500DA480067FAAC /* LandmarkRow.swift */ = {isa = PBXFileReference; lastKnownFileType = sourcecode.swift; path = LandmarkRow.swift; sourceTree = "<group>"; };
		B3AFDFBC2500DFD80067FAAC /* LandmarkList.swift */ = {isa = PBXFileReference; lastKnownFileType = sourcecode.swift; path = LandmarkList.swift; sourceTree = "<group>"; };
		B3AFDFBF2500EF760067FAAC /* UserData.swift */ = {isa = PBXFileReference; lastKnownFileType = sourcecode.swift; path = UserData.swift; sourceTree = "<group>"; };
/* End PBXFileReference section */

/* Begin PBXFrameworksBuildPhase section */
		B3AFDF8025009BDC0067FAAC /* Frameworks */ = {
			isa = PBXFrameworksBuildPhase;
			buildActionMask = 2147483647;
			files = (
				B3AFDFDB2500FDC90067FAAC /* KingfisherSwiftUI in Frameworks */,
				B3AFDFD82500FB840067FAAC /* RxCocoa in Frameworks */,
				B31CE9AC2507241600EF5C89 /* Moya in Frameworks */,
				B31CE9B02507241600EF5C89 /* ReactiveMoya in Frameworks */,
				B3AFDFDD2500FDC90067FAAC /* Kingfisher in Frameworks */,
				B3AFDFC92500FA5D0067FAAC /* URLNavigator in Frameworks */,
				B3AFDFCC2500FAA10067FAAC /* SwiftyJSON in Frameworks */,
				B31CE9AE2507241600EF5C89 /* RxMoya in Frameworks */,
				B3AFDFD62500FB840067FAAC /* RxSwift in Frameworks */,
				B3AFDFC62500F9E90067FAAC /* SnapKit in Frameworks */,
			);
			runOnlyForDeploymentPostprocessing = 0;
		};
/* End PBXFrameworksBuildPhase section */

/* Begin PBXGroup section */
		B31CE9A42507169600EF5C89 /* Frameworks */ = {
			isa = PBXGroup;
			children = (
			);
			name = Frameworks;
			sourceTree = "<group>";
		};
		B3AFDF7A25009BDC0067FAAC = {
			isa = PBXGroup;
			children = (
				B3AFDF8525009BDC0067FAAC /* SwiftUIDemo */,
				B3AFDF8425009BDC0067FAAC /* Products */,
				B31CE9A42507169600EF5C89 /* Frameworks */,
			);
			sourceTree = "<group>";
		};
		B3AFDF8425009BDC0067FAAC /* Products */ = {
			isa = PBXGroup;
			children = (
				B3AFDF8325009BDC0067FAAC /* SwiftUIDemo.app */,
			);
			name = Products;
			sourceTree = "<group>";
		};
		B3AFDF8525009BDC0067FAAC /* SwiftUIDemo */ = {
			isa = PBXGroup;
			children = (
				B3AFDF8625009BDC0067FAAC /* AppDelegate.swift */,
				B3AFDF8825009BDC0067FAAC /* SceneDelegate.swift */,
				B3AFDF8A25009BDC0067FAAC /* ViewController.swift */,
				B3AFDF9A25009E970067FAAC /* Lib */,
				B3AFDF8C25009BDC0067FAAC /* Main.storyboard */,
				B3AFDF8F25009BDE0067FAAC /* Assets.xcassets */,
				B3AFDF9125009BDE0067FAAC /* LaunchScreen.storyboard */,
				B3AFDF9425009BDE0067FAAC /* Info.plist */,
			);
			path = SwiftUIDemo;
			sourceTree = "<group>";
		};
		B3AFDF9A25009E970067FAAC /* Lib */ = {
			isa = PBXGroup;
			children = (
				B3AFDF9C25009F1C0067FAAC /* Page */,
				B3AFDF9B25009EB70067FAAC /* Extention */,
			);
			path = Lib;
			sourceTree = "<group>";
		};
		B3AFDF9B25009EB70067FAAC /* Extention */ = {
			isa = PBXGroup;
			children = (
				B3AFDF9F25009F8E0067FAAC /* Window+Ext.swift */,
				B3AFDFA125009FC80067FAAC /* CGFloat+Ext.swift */,
				B3AFDFA32500B9370067FAAC /* View+Ext.swift */,
				B3AFDFA52500B9460067FAAC /* Color+Ext.swift */,
			);
			path = Extention;
			sourceTree = "<group>";
		};
		B3AFDF9C25009F1C0067FAAC /* Page */ = {
			isa = PBXGroup;
			children = (
				B3AFDF9D25009F3A0067FAAC /* ContentView.swift */,
				B3AFDFA72500BB0C0067FAAC /* PageRow.swift */,
				B3AFDFAC2500CED40067FAAC /* Example */,
				B3AFDFA92500C51D0067FAAC /* Lottery */,
			);
			path = Page;
			sourceTree = "<group>";
		};
		B3AFDFA92500C51D0067FAAC /* Lottery */ = {
			isa = PBXGroup;
			children = (
				B3AFDFAA2500C53A0067FAAC /* LotteryView.swift */,
			);
			path = Lottery;
			sourceTree = "<group>";
		};
		B3AFDFAC2500CED40067FAAC /* Example */ = {
			isa = PBXGroup;
			children = (
				B3AFDFBE2500EF670067FAAC /* 3 */,
				B3AFDFB42500D7ED0067FAAC /* 2 */,
				B3AFDFB32500D7D70067FAAC /* 1 */,
			);
			path = Example;
			sourceTree = "<group>";
		};
		B3AFDFB32500D7D70067FAAC /* 1 */ = {
			isa = PBXGroup;
			children = (
				B3AFDFB12500D6370067FAAC /* LandmarkDetail.swift */,
				B3AFDFAF2500D4490067FAAC /* MapView.swift */,
				B3AFDFAD2500CEE90067FAAC /* CircleImage.swift */,
			);
			path = 1;
			sourceTree = "<group>";
		};
		B3AFDFB42500D7ED0067FAAC /* 2 */ = {
			isa = PBXGroup;
			children = (
				B3AFDFB52500D80D0067FAAC /* Landmark.swift */,
				B3AFDFBA2500DA480067FAAC /* LandmarkRow.swift */,
				B3AFDFBC2500DFD80067FAAC /* LandmarkList.swift */,
			);
			path = 2;
			sourceTree = "<group>";
		};
		B3AFDFBE2500EF670067FAAC /* 3 */ = {
			isa = PBXGroup;
			children = (
				B3AFDFBF2500EF760067FAAC /* UserData.swift */,
			);
			path = 3;
			sourceTree = "<group>";
		};
/* End PBXGroup section */

/* Begin PBXNativeTarget section */
		B3AFDF8225009BDC0067FAAC /* SwiftUIDemo */ = {
			isa = PBXNativeTarget;
			buildConfigurationList = B3AFDF9725009BDE0067FAAC /* Build configuration list for PBXNativeTarget "SwiftUIDemo" */;
			buildPhases = (
				B3AFDF7F25009BDC0067FAAC /* Sources */,
				B3AFDF8025009BDC0067FAAC /* Frameworks */,
				B3AFDF8125009BDC0067FAAC /* Resources */,
			);
			buildRules = (
			);
			dependencies = (
			);
			name = SwiftUIDemo;
			packageProductDependencies = (
				B3AFDFC52500F9E90067FAAC /* SnapKit */,
				B3AFDFC82500FA5D0067FAAC /* URLNavigator */,
				B3AFDFCB2500FAA10067FAAC /* SwiftyJSON */,
				B3AFDFD52500FB840067FAAC /* RxSwift */,
				B3AFDFD72500FB840067FAAC /* RxCocoa */,
				B3AFDFDA2500FDC90067FAAC /* KingfisherSwiftUI */,
				B3AFDFDC2500FDC90067FAAC /* Kingfisher */,
				B31CE9AB2507241600EF5C89 /* Moya */,
				B31CE9AD2507241600EF5C89 /* RxMoya */,
				B31CE9AF2507241600EF5C89 /* ReactiveMoya */,
			);
			productName = SwiftUIDemo;
			productReference = B3AFDF8325009BDC0067FAAC /* SwiftUIDemo.app */;
			productType = "com.apple.product-type.application";
		};
/* End PBXNativeTarget section */

/* Begin PBXProject section */
		B3AFDF7B25009BDC0067FAAC /* Project object */ = {
			isa = PBXProject;
			attributes = {
				LastSwiftUpdateCheck = 1160;
				LastUpgradeCheck = 1160;
				ORGANIZATIONNAME = "dev-yxr";
				TargetAttributes = {
					B3AFDF8225009BDC0067FAAC = {
						CreatedOnToolsVersion = 11.6;
					};
				};
			};
			buildConfigurationList = B3AFDF7E25009BDC0067FAAC /* Build configuration list for PBXProject "SwiftUIDemo" */;
			compatibilityVersion = "Xcode 9.3";
			developmentRegion = en;
			hasScannedForEncodings = 0;
			knownRegions = (
				en,
				Base,
			);
			mainGroup = B3AFDF7A25009BDC0067FAAC;
			packageReferences = (
				B3AFDFC42500F9E90067FAAC /* XCRemoteSwiftPackageReference "SnapKit" */,
				B3AFDFC72500FA5D0067FAAC /* XCRemoteSwiftPackageReference "URLNavigator" */,
				B3AFDFCA2500FAA10067FAAC /* XCRemoteSwiftPackageReference "SwiftyJSON" */,
				B3AFDFD42500FB840067FAAC /* XCRemoteSwiftPackageReference "RxSwift" */,
				B3AFDFD92500FDC90067FAAC /* XCRemoteSwiftPackageReference "Kingfisher" */,
				B31CE9A7250722D900EF5C89 /* XCRemoteSwiftPackageReference "Alamofire" */,
				B31CE9AA2507241600EF5C89 /* XCRemoteSwiftPackageReference "Moya" */,
			);
			productRefGroup = B3AFDF8425009BDC0067FAAC /* Products */;
			projectDirPath = "";
			projectRoot = "";
			targets = (
				B3AFDF8225009BDC0067FAAC /* SwiftUIDemo */,
			);
		};
/* End PBXProject section */

/* Begin PBXResourcesBuildPhase section */
		B3AFDF8125009BDC0067FAAC /* Resources */ = {
			isa = PBXResourcesBuildPhase;
			buildActionMask = 2147483647;
			files = (
				B3AFDF9325009BDE0067FAAC /* LaunchScreen.storyboard in Resources */,
				B3AFDF9025009BDE0067FAAC /* Assets.xcassets in Resources */,
				B3AFDF8E25009BDC0067FAAC /* Main.storyboard in Resources */,
			);
			runOnlyForDeploymentPostprocessing = 0;
		};
/* End PBXResourcesBuildPhase section */

/* Begin PBXSourcesBuildPhase section */
		B3AFDF7F25009BDC0067FAAC /* Sources */ = {
			isa = PBXSourcesBuildPhase;
			buildActionMask = 2147483647;
			files = (
				B3AFDFA42500B9370067FAAC /* View+Ext.swift in Sources */,
				B3AFDFB02500D4490067FAAC /* MapView.swift in Sources */,
				B3AFDF8B25009BDC0067FAAC /* ViewController.swift in Sources */,
				B3AFDFBD2500DFD80067FAAC /* LandmarkList.swift in Sources */,
				B3AFDF8725009BDC0067FAAC /* AppDelegate.swift in Sources */,
				B3AFDFA82500BB0C0067FAAC /* PageRow.swift in Sources */,
				B3AFDFAB2500C53A0067FAAC /* LotteryView.swift in Sources */,
				B3AFDFA225009FC80067FAAC /* CGFloat+Ext.swift in Sources */,
				B3AFDFA025009F8E0067FAAC /* Window+Ext.swift in Sources */,
				B3AFDFBB2500DA480067FAAC /* LandmarkRow.swift in Sources */,
				B3AFDFA62500B9460067FAAC /* Color+Ext.swift in Sources */,
				B3AFDFAE2500CEE90067FAAC /* CircleImage.swift in Sources */,
				B3AFDF9E25009F3A0067FAAC /* ContentView.swift in Sources */,
				B3AFDFC02500EF760067FAAC /* UserData.swift in Sources */,
				B3AFDF8925009BDC0067FAAC /* SceneDelegate.swift in Sources */,
				B3AFDFB22500D6370067FAAC /* LandmarkDetail.swift in Sources */,
				B3AFDFB62500D80D0067FAAC /* Landmark.swift in Sources */,
			);
			runOnlyForDeploymentPostprocessing = 0;
		};
/* End PBXSourcesBuildPhase section */

/* Begin PBXVariantGroup section */
		B3AFDF8C25009BDC0067FAAC /* Main.storyboard */ = {
			isa = PBXVariantGroup;
			children = (
				B3AFDF8D25009BDC0067FAAC /* Base */,
			);
			name = Main.storyboard;
			sourceTree = "<group>";
		};
		B3AFDF9125009BDE0067FAAC /* LaunchScreen.storyboard */ = {
			isa = PBXVariantGroup;
			children = (
				B3AFDF9225009BDE0067FAAC /* Base */,
			);
			name = LaunchScreen.storyboard;
			sourceTree = "<group>";
		};
/* End PBXVariantGroup section */

/* Begin XCBuildConfiguration section */
		B3AFDF9525009BDE0067FAAC /* Debug */ = {
			isa = XCBuildConfiguration;
			buildSettings = {
				ALWAYS_SEARCH_USER_PATHS = NO;
				CLANG_ANALYZER_NONNULL = YES;
				CLANG_ANALYZER_NUMBER_OBJECT_CONVERSION = YES_AGGRESSIVE;
				CLANG_CXX_LANGUAGE_STANDARD = "gnu++14";
				CLANG_CXX_LIBRARY = "libc++";
				CLANG_ENABLE_MODULES = YES;
				CLANG_ENABLE_OBJC_ARC = YES;
				CLANG_ENABLE_OBJC_WEAK = YES;
				CLANG_WARN_BLOCK_CAPTURE_AUTORELEASING = YES;
				CLANG_WARN_BOOL_CONVERSION = YES;
				CLANG_WARN_COMMA = YES;
				CLANG_WARN_CONSTANT_CONVERSION = YES;
				CLANG_WARN_DEPRECATED_OBJC_IMPLEMENTATIONS = YES;
				CLANG_WARN_DIRECT_OBJC_ISA_USAGE = YES_ERROR;
				CLANG_WARN_DOCUMENTATION_COMMENTS = YES;
				CLANG_WARN_EMPTY_BODY = YES;
				CLANG_WARN_ENUM_CONVERSION = YES;
				CLANG_WARN_INFINITE_RECURSION = YES;
				CLANG_WARN_INT_CONVERSION = YES;
				CLANG_WARN_NON_LITERAL_NULL_CONVERSION = YES;
				CLANG_WARN_OBJC_IMPLICIT_RETAIN_SELF = YES;
				CLANG_WARN_OBJC_LITERAL_CONVERSION = YES;
				CLANG_WARN_OBJC_ROOT_CLASS = YES_ERROR;
				CLANG_WARN_RANGE_LOOP_ANALYSIS = YES;
				CLANG_WARN_STRICT_PROTOTYPES = YES;
				CLANG_WARN_SUSPICIOUS_MOVE = YES;
				CLANG_WARN_UNGUARDED_AVAILABILITY = YES_AGGRESSIVE;
				CLANG_WARN_UNREACHABLE_CODE = YES;
				CLANG_WARN__DUPLICATE_METHOD_MATCH = YES;
				COPY_PHASE_STRIP = NO;
				DEBUG_INFORMATION_FORMAT = dwarf;
				ENABLE_STRICT_OBJC_MSGSEND = YES;
				ENABLE_TESTABILITY = YES;
				GCC_C_LANGUAGE_STANDARD = gnu11;
				GCC_DYNAMIC_NO_PIC = NO;
				GCC_NO_COMMON_BLOCKS = YES;
				GCC_OPTIMIZATION_LEVEL = 0;
				GCC_PREPROCESSOR_DEFINITIONS = (
					"DEBUG=1",
					"$(inherited)",
				);
				GCC_WARN_64_TO_32_BIT_CONVERSION = YES;
				GCC_WARN_ABOUT_RETURN_TYPE = YES_ERROR;
				GCC_WARN_UNDECLARED_SELECTOR = YES;
				GCC_WARN_UNINITIALIZED_AUTOS = YES_AGGRESSIVE;
				GCC_WARN_UNUSED_FUNCTION = YES;
				GCC_WARN_UNUSED_VARIABLE = YES;
				IPHONEOS_DEPLOYMENT_TARGET = 13.0;
				MTL_ENABLE_DEBUG_INFO = INCLUDE_SOURCE;
				MTL_FAST_MATH = YES;
				ONLY_ACTIVE_ARCH = YES;
				SDKROOT = iphoneos;
				SWIFT_ACTIVE_COMPILATION_CONDITIONS = DEBUG;
				SWIFT_OPTIMIZATION_LEVEL = "-Onone";
			};
			name = Debug;
		};
		B3AFDF9625009BDE0067FAAC /* Release */ = {
			isa = XCBuildConfiguration;
			buildSettings = {
				ALWAYS_SEARCH_USER_PATHS = NO;
				CLANG_ANALYZER_NONNULL = YES;
				CLANG_ANALYZER_NUMBER_OBJECT_CONVERSION = YES_AGGRESSIVE;
				CLANG_CXX_LANGUAGE_STANDARD = "gnu++14";
				CLANG_CXX_LIBRARY = "libc++";
				CLANG_ENABLE_MODULES = YES;
				CLANG_ENABLE_OBJC_ARC = YES;
				CLANG_ENABLE_OBJC_WEAK = YES;
				CLANG_WARN_BLOCK_CAPTURE_AUTORELEASING = YES;
				CLANG_WARN_BOOL_CONVERSION = YES;
				CLANG_WARN_COMMA = YES;
				CLANG_WARN_CONSTANT_CONVERSION = YES;
				CLANG_WARN_DEPRECATED_OBJC_IMPLEMENTATIONS = YES;
				CLANG_WARN_DIRECT_OBJC_ISA_USAGE = YES_ERROR;
				CLANG_WARN_DOCUMENTATION_COMMENTS = YES;
				CLANG_WARN_EMPTY_BODY = YES;
				CLANG_WARN_ENUM_CONVERSION = YES;
				CLANG_WARN_INFINITE_RECURSION = YES;
				CLANG_WARN_INT_CONVERSION = YES;
				CLANG_WARN_NON_LITERAL_NULL_CONVERSION = YES;
				CLANG_WARN_OBJC_IMPLICIT_RETAIN_SELF = YES;
				CLANG_WARN_OBJC_LITERAL_CONVERSION = YES;
				CLANG_WARN_OBJC_ROOT_CLASS = YES_ERROR;
				CLANG_WARN_RANGE_LOOP_ANALYSIS = YES;
				CLANG_WARN_STRICT_PROTOTYPES = YES;
				CLANG_WARN_SUSPICIOUS_MOVE = YES;
				CLANG_WARN_UNGUARDED_AVAILABILITY = YES_AGGRESSIVE;
				CLANG_WARN_UNREACHABLE_CODE = YES;
				CLANG_WARN__DUPLICATE_METHOD_MATCH = YES;
				COPY_PHASE_STRIP = NO;
				DEBUG_INFORMATION_FORMAT = "dwarf-with-dsym";
				ENABLE_NS_ASSERTIONS = NO;
				ENABLE_STRICT_OBJC_MSGSEND = YES;
				GCC_C_LANGUAGE_STANDARD = gnu11;
				GCC_NO_COMMON_BLOCKS = YES;
				GCC_WARN_64_TO_32_BIT_CONVERSION = YES;
				GCC_WARN_ABOUT_RETURN_TYPE = YES_ERROR;
				GCC_WARN_UNDECLARED_SELECTOR = YES;
				GCC_WARN_UNINITIALIZED_AUTOS = YES_AGGRESSIVE;
				GCC_WARN_UNUSED_FUNCTION = YES;
				GCC_WARN_UNUSED_VARIABLE = YES;
				IPHONEOS_DEPLOYMENT_TARGET = 13.0;
				MTL_ENABLE_DEBUG_INFO = NO;
				MTL_FAST_MATH = YES;
				SDKROOT = iphoneos;
				SWIFT_COMPILATION_MODE = wholemodule;
				SWIFT_OPTIMIZATION_LEVEL = "-O";
				VALIDATE_PRODUCT = YES;
			};
			name = Release;
		};
		B3AFDF9825009BDE0067FAAC /* Debug */ = {
			isa = XCBuildConfiguration;
			buildSettings = {
				ASSETCATALOG_COMPILER_APPICON_NAME = AppIcon;
				CODE_SIGN_IDENTITY = "Apple Development";
				CODE_SIGN_STYLE = Automatic;
				DEVELOPMENT_TEAM = X7S38PP265;
				INFOPLIST_FILE = SwiftUIDemo/Info.plist;
				LD_RUNPATH_SEARCH_PATHS = (
					"$(inherited)",
					"@executable_path/Frameworks",
				);
				PRODUCT_BUNDLE_IDENTIFIER = com.test.SwiftUIDemo;
				PRODUCT_NAME = "$(TARGET_NAME)";
				PROVISIONING_PROFILE_SPECIFIER = "";
				SWIFT_VERSION = 5.0;
				TARGETED_DEVICE_FAMILY = 1;
			};
			name = Debug;
		};
		B3AFDF9925009BDE0067FAAC /* Release */ = {
			isa = XCBuildConfiguration;
			buildSettings = {
				ASSETCATALOG_COMPILER_APPICON_NAME = AppIcon;
				CODE_SIGN_IDENTITY = "Apple Development";
				CODE_SIGN_STYLE = Automatic;
				DEVELOPMENT_TEAM = X7S38PP265;
				INFOPLIST_FILE = SwiftUIDemo/Info.plist;
				LD_RUNPATH_SEARCH_PATHS = (
					"$(inherited)",
					"@executable_path/Frameworks",
				);
				PRODUCT_BUNDLE_IDENTIFIER = com.test.SwiftUIDemo;
				PRODUCT_NAME = "$(TARGET_NAME)";
				PROVISIONING_PROFILE_SPECIFIER = "";
				SWIFT_VERSION = 5.0;
				TARGETED_DEVICE_FAMILY = 1;
			};
			name = Release;
		};
/* End XCBuildConfiguration section */

/* Begin XCConfigurationList section */
		B3AFDF7E25009BDC0067FAAC /* Build configuration list for PBXProject "SwiftUIDemo" */ = {
			isa = XCConfigurationList;
			buildConfigurations = (
				B3AFDF9525009BDE0067FAAC /* Debug */,
				B3AFDF9625009BDE0067FAAC /* Release */,
			);
			defaultConfigurationIsVisible = 0;
			defaultConfigurationName = Release;
		};
		B3AFDF9725009BDE0067FAAC /* Build configuration list for PBXNativeTarget "SwiftUIDemo" */ = {
			isa = XCConfigurationList;
			buildConfigurations = (
				B3AFDF9825009BDE0067FAAC /* Debug */,
				B3AFDF9925009BDE0067FAAC /* Release */,
			);
			defaultConfigurationIsVisible = 0;
			defaultConfigurationName = Release;
		};
/* End XCConfigurationList section */

/* Begin XCRemoteSwiftPackageReference section */
		B31CE9A7250722D900EF5C89 /* XCRemoteSwiftPackageReference "Alamofire" */ = {
			isa = XCRemoteSwiftPackageReference;
			repositoryURL = "git@github.com:Alamofire/Alamofire.git";
			requirement = {
				kind = exactVersion;
				version = 5.2.2;
			};
		};
		B31CE9AA2507241600EF5C89 /* XCRemoteSwiftPackageReference "Moya" */ = {
			isa = XCRemoteSwiftPackageReference;
			repositoryURL = "git@github.com:Moya/Moya.git";
			requirement = {
				kind = upToNextMajorVersion;
				minimumVersion = 14.0.0;
			};
		};
		B3AFDFC42500F9E90067FAAC /* XCRemoteSwiftPackageReference "SnapKit" */ = {
			isa = XCRemoteSwiftPackageReference;
			repositoryURL = "git@github.com:SnapKit/SnapKit.git";
			requirement = {
				kind = upToNextMajorVersion;
				minimumVersion = 5.0.1;
			};
		};
		B3AFDFC72500FA5D0067FAAC /* XCRemoteSwiftPackageReference "URLNavigator" */ = {
			isa = XCRemoteSwiftPackageReference;
			repositoryURL = "git@github.com:devxoul/URLNavigator.git";
			requirement = {
				kind = upToNextMajorVersion;
				minimumVersion = 2.3.0;
			};
		};
		B3AFDFCA2500FAA10067FAAC /* XCRemoteSwiftPackageReference "SwiftyJSON" */ = {
			isa = XCRemoteSwiftPackageReference;
			repositoryURL = "git@github.com:SwiftyJSON/SwiftyJSON.git";
			requirement = {
				kind = upToNextMajorVersion;
				minimumVersion = 5.0.0;
			};
		};
		B3AFDFD42500FB840067FAAC /* XCRemoteSwiftPackageReference "RxSwift" */ = {
			isa = XCRemoteSwiftPackageReference;
			repositoryURL = "https://github.com/ReactiveX/RxSwift.git";
			requirement = {
				kind = upToNextMajorVersion;
				minimumVersion = 5.1.1;
			};
		};
		B3AFDFD92500FDC90067FAAC /* XCRemoteSwiftPackageReference "Kingfisher" */ = {
			isa = XCRemoteSwiftPackageReference;
			repositoryURL = "git@github.com:onevcat/Kingfisher.git";
			requirement = {
				kind = upToNextMajorVersion;
				minimumVersion = 5.15.0;
			};
		};
/* End XCRemoteSwiftPackageReference section */

/* Begin XCSwiftPackageProductDependency section */
		B31CE9AB2507241600EF5C89 /* Moya */ = {
			isa = XCSwiftPackageProductDependency;
			package = B31CE9AA2507241600EF5C89 /* XCRemoteSwiftPackageReference "Moya" */;
			productName = Moya;
		};
		B31CE9AD2507241600EF5C89 /* RxMoya */ = {
			isa = XCSwiftPackageProductDependency;
			package = B31CE9AA2507241600EF5C89 /* XCRemoteSwiftPackageReference "Moya" */;
			productName = RxMoya;
		};
		B31CE9AF2507241600EF5C89 /* ReactiveMoya */ = {
			isa = XCSwiftPackageProductDependency;
			package = B31CE9AA2507241600EF5C89 /* XCRemoteSwiftPackageReference "Moya" */;
			productName = ReactiveMoya;
		};
		B3AFDFC52500F9E90067FAAC /* SnapKit */ = {
			isa = XCSwiftPackageProductDependency;
			package = B3AFDFC42500F9E90067FAAC /* XCRemoteSwiftPackageReference "SnapKit" */;
			productName = SnapKit;
		};
		B3AFDFC82500FA5D0067FAAC /* URLNavigator */ = {
			isa = XCSwiftPackageProductDependency;
			package = B3AFDFC72500FA5D0067FAAC /* XCRemoteSwiftPackageReference "URLNavigator" */;
			productName = URLNavigator;
		};
		B3AFDFCB2500FAA10067FAAC /* SwiftyJSON */ = {
			isa = XCSwiftPackageProductDependency;
			package = B3AFDFCA2500FAA10067FAAC /* XCRemoteSwiftPackageReference "SwiftyJSON" */;
			productName = SwiftyJSON;
		};
		B3AFDFD52500FB840067FAAC /* RxSwift */ = {
			isa = XCSwiftPackageProductDependency;
			package = B3AFDFD42500FB840067FAAC /* XCRemoteSwiftPackageReference "RxSwift" */;
			productName = RxSwift;
		};
		B3AFDFD72500FB840067FAAC /* RxCocoa */ = {
			isa = XCSwiftPackageProductDependency;
			package = B3AFDFD42500FB840067FAAC /* XCRemoteSwiftPackageReference "RxSwift" */;
			productName = RxCocoa;
		};
		B3AFDFDA2500FDC90067FAAC /* KingfisherSwiftUI */ = {
			isa = XCSwiftPackageProductDependency;
			package = B3AFDFD92500FDC90067FAAC /* XCRemoteSwiftPackageReference "Kingfisher" */;
			productName = KingfisherSwiftUI;
		};
		B3AFDFDC2500FDC90067FAAC /* Kingfisher */ = {
			isa = XCSwiftPackageProductDependency;
			package = B3AFDFD92500FDC90067FAAC /* XCRemoteSwiftPackageReference "Kingfisher" */;
			productName = Kingfisher;
		};
/* End XCSwiftPackageProductDependency section */
	};
	rootObject = B3AFDF7B25009BDC0067FAAC /* Project object */;
}
